
Microsoft Visual Studio Solution File, Format Version 12.00
# Visual Studio 15
VisualStudioVersion = 15.0.27004.2008
MinimumVisualStudioVersion = 10.0.40219.1
Project("{FAE04EC0-301F-11D3-BF4B-00C04F79EFBC}") = "Polarisbloc", "Polarisbloc\Polarisbloc.csproj", "{77A627DC-7BD5-49E6-8097-A98239DC7D27}"
EndProject
Global
	GlobalSection(SolutionConfigurationPlatforms) = preSolution
		Debug|Any CPU = Debug|Any CPU
		Release|Any CPU = Release|Any CPU
	EndGlobalSection
	GlobalSection(ProjectConfigurationPlatforms) = postSolution
		{77A627DC-7BD5-49E6-8097-A98239DC7D27}.Debug|Any CPU.ActiveCfg = Debug|Any CPU
		{77A627DC-7BD5-49E6-8097-A98239DC7D27}.Debug|Any CPU.Build.0 = Debug|Any CPU
		{77A627DC-7BD5-49E6-8097-A98239DC7D27}.Release|Any CPU.ActiveCfg = Release|Any CPU
		{77A627DC-7BD5-49E6-8097-A98239DC7D27}.Release|Any CPU.Build.0 = Release|Any CPU
	EndGlobalSection
	GlobalSection(SolutionProperties) = preSolution
		HideSolutionNode = FALSE
	EndGlobalSection
	GlobalSection(ExtensibilityGlobals) = postSolution
		SolutionGuid = {B671AC40-33F7-4632-81AB-F69CB21E156B}
	EndGlobalSection
EndGlobal
