
Microsoft Visual Studio Solution File, Format Version 12.00
# Visual Studio 15
VisualStudioVersion = 15.0.27004.2008
MinimumVisualStudioVersion = 10.0.40219.1
Project("{FAE04EC0-301F-11D3-BF4B-00C04F79EFBC}") = "Vanya_Chaser", "Vanya_Chaser\Vanya_Chaser.csproj", "{7D6EAC22-3DA5-4E6B-9E69-CB1A9B0EBAF3}"
EndProject
Global
	GlobalSection(SolutionConfigurationPlatforms) = preSolution
		Debug|Any CPU = Debug|Any CPU
		Release|Any CPU = Release|Any CPU
	EndGlobalSection
	GlobalSection(ProjectConfigurationPlatforms) = postSolution
		{7D6EAC22-3DA5-4E6B-9E69-CB1A9B0EBAF3}.Debug|Any CPU.ActiveCfg = Debug|Any CPU
		{7D6EAC22-3DA5-4E6B-9E69-CB1A9B0EBAF3}.Debug|Any CPU.Build.0 = Debug|Any CPU
		{7D6EAC22-3DA5-4E6B-9E69-CB1A9B0EBAF3}.Release|Any CPU.ActiveCfg = Release|Any CPU
		{7D6EAC22-3DA5-4E6B-9E69-CB1A9B0EBAF3}.Release|Any CPU.Build.0 = Release|Any CPU
	EndGlobalSection
	GlobalSection(SolutionProperties) = preSolution
		HideSolutionNode = FALSE
	EndGlobalSection
	GlobalSection(ExtensibilityGlobals) = postSolution
		SolutionGuid = {B63A32CF-076B-4F22-86F9-9C22DBAA3A92}
	EndGlobalSection
EndGlobal
